
Microsoft Visual Studio Solution File, Format Version 12.00
# Visual Studio Version 16
VisualStudioVersion = 16.0.29102.190
MinimumVisualStudioVersion = 10.0.40219.1
Project("{FAE04EC0-301F-11D3-BF4B-00C04F79EFBC}") = "Beholder", "Beholder.csproj", "{01C6F4B7-2C09-44AE-81DA-E8F6A20C767A}"
EndProject
Project("{2150E333-8FDC-42A3-9474-1A3956D46DE8}") = "Solution Items", "Solution Items", "{64DACEFC-51F5-4F66-9E56-F8E490A63CF5}"
	ProjectSection(SolutionItems) = preProject
		.editorconfig = .editorconfig
	EndProjectSection
EndProject
Global
	GlobalSection(SolutionConfigurationPlatforms) = preSolution
		Debug|Any CPU = Debug|Any CPU
		Release|Any CPU = Release|Any CPU
	EndGlobalSection
	GlobalSection(ProjectConfigurationPlatforms) = postSolution
		{01C6F4B7-2C09-44AE-81DA-E8F6A20C767A}.Debug|Any CPU.ActiveCfg = Debug|Any CPU
		{01C6F4B7-2C09-44AE-81DA-E8F6A20C767A}.Debug|Any CPU.Build.0 = Debug|Any CPU
		{01C6F4B7-2C09-44AE-81DA-E8F6A20C767A}.Release|Any CPU.ActiveCfg = Release|Any CPU
		{01C6F4B7-2C09-44AE-81DA-E8F6A20C767A}.Release|Any CPU.Build.0 = Release|Any CPU
	EndGlobalSection
	GlobalSection(SolutionProperties) = preSolution
		HideSolutionNode = FALSE
	EndGlobalSection
	GlobalSection(ExtensibilityGlobals) = postSolution
		SolutionGuid = {497D6B1E-4ACD-4246-94BE-5CE922EEE904}
	EndGlobalSection
EndGlobal
